
Microsoft Visual Studio Solution File, Format Version 10.00
# Visual Studio 2008
Project("{8BC9CEB8-8B4A-11D0-8D11-00A0C91BC942}") = "Core", "Core\Core.vcproj", "{D9DA29C1-3685-4F29-918A-07C03749FEEE}"
EndProject
Project("{8BC9CEB8-8B4A-11D0-8D11-00A0C91BC942}") = "Sample", "Sample\Sample_2008.vcproj", "{D3D09108-96D0-4629-88B8-122C0256058C}"
	ProjectSection(ProjectDependencies) = postProject
		{E0CF097B-F22D-465B-A884-D89E55BD7ECD} = {E0CF097B-F22D-465B-A884-D89E55BD7ECD}
		{48E78F8E-3C1B-4234-B7E4-3AFEB6BB9C90} = {48E78F8E-3C1B-4234-B7E4-3AFEB6BB9C90}
		{D9DA29C1-3685-4F29-918A-07C03749FEEE} = {D9DA29C1-3685-4F29-918A-07C03749FEEE}
	EndProjectSection
EndProject
Project("{8BC9CEB8-8B4A-11D0-8D11-00A0C91BC942}") = "Effect", "Effect\Effect.vcproj", "{48E78F8E-3C1B-4234-B7E4-3AFEB6BB9C90}"
EndProject
Project("{8BC9CEB8-8B4A-11D0-8D11-00A0C91BC942}") = "DXUTOptional", "Sample\DXUT\Optional\DXUTOptional_2008.vcproj", "{E0CF097B-F22D-465B-A884-D89E55BD7ECD}"
EndProject
Global
	GlobalSection(SolutionConfigurationPlatforms) = preSolution
		Debug|Win32 = Debug|Win32
		Debug|x64 = Debug|x64
		Profile|Win32 = Profile|Win32
		Profile|x64 = Profile|x64
		Release|Win32 = Release|Win32
		Release|x64 = Release|x64
	EndGlobalSection
	GlobalSection(ProjectConfigurationPlatforms) = postSolution
		{D9DA29C1-3685-4F29-918A-07C03749FEEE}.Debug|Win32.ActiveCfg = Debug|Win32
		{D9DA29C1-3685-4F29-918A-07C03749FEEE}.Debug|Win32.Build.0 = Debug|Win32
		{D9DA29C1-3685-4F29-918A-07C03749FEEE}.Debug|x64.ActiveCfg = Debug|Win32
		{D9DA29C1-3685-4F29-918A-07C03749FEEE}.Profile|Win32.ActiveCfg = Release|Win32
		{D9DA29C1-3685-4F29-918A-07C03749FEEE}.Profile|Win32.Build.0 = Release|Win32
		{D9DA29C1-3685-4F29-918A-07C03749FEEE}.Profile|x64.ActiveCfg = Release|Win32
		{D9DA29C1-3685-4F29-918A-07C03749FEEE}.Release|Win32.ActiveCfg = Release|Win32
		{D9DA29C1-3685-4F29-918A-07C03749FEEE}.Release|Win32.Build.0 = Release|Win32
		{D9DA29C1-3685-4F29-918A-07C03749FEEE}.Release|x64.ActiveCfg = Release|Win32
		{D3D09108-96D0-4629-88B8-122C0256058C}.Debug|Win32.ActiveCfg = Debug|Win32
		{D3D09108-96D0-4629-88B8-122C0256058C}.Debug|Win32.Build.0 = Debug|Win32
		{D3D09108-96D0-4629-88B8-122C0256058C}.Debug|x64.ActiveCfg = Debug|x64
		{D3D09108-96D0-4629-88B8-122C0256058C}.Debug|x64.Build.0 = Debug|x64
		{D3D09108-96D0-4629-88B8-122C0256058C}.Profile|Win32.ActiveCfg = Profile|Win32
		{D3D09108-96D0-4629-88B8-122C0256058C}.Profile|Win32.Build.0 = Profile|Win32
		{D3D09108-96D0-4629-88B8-122C0256058C}.Profile|x64.ActiveCfg = Profile|x64
		{D3D09108-96D0-4629-88B8-122C0256058C}.Profile|x64.Build.0 = Profile|x64
		{D3D09108-96D0-4629-88B8-122C0256058C}.Release|Win32.ActiveCfg = Release|Win32
		{D3D09108-96D0-4629-88B8-122C0256058C}.Release|Win32.Build.0 = Release|Win32
		{D3D09108-96D0-4629-88B8-122C0256058C}.Release|x64.ActiveCfg = Release|x64
		{D3D09108-96D0-4629-88B8-122C0256058C}.Release|x64.Build.0 = Release|x64
		{48E78F8E-3C1B-4234-B7E4-3AFEB6BB9C90}.Debug|Win32.ActiveCfg = Debug|Win32
		{48E78F8E-3C1B-4234-B7E4-3AFEB6BB9C90}.Debug|Win32.Build.0 = Debug|Win32
		{48E78F8E-3C1B-4234-B7E4-3AFEB6BB9C90}.Debug|x64.ActiveCfg = Debug|Win32
		{48E78F8E-3C1B-4234-B7E4-3AFEB6BB9C90}.Profile|Win32.ActiveCfg = Release|Win32
		{48E78F8E-3C1B-4234-B7E4-3AFEB6BB9C90}.Profile|Win32.Build.0 = Release|Win32
		{48E78F8E-3C1B-4234-B7E4-3AFEB6BB9C90}.Profile|x64.ActiveCfg = Release|Win32
		{48E78F8E-3C1B-4234-B7E4-3AFEB6BB9C90}.Release|Win32.ActiveCfg = Release|Win32
		{48E78F8E-3C1B-4234-B7E4-3AFEB6BB9C90}.Release|Win32.Build.0 = Release|Win32
		{48E78F8E-3C1B-4234-B7E4-3AFEB6BB9C90}.Release|x64.ActiveCfg = Release|Win32
		{E0CF097B-F22D-465B-A884-D89E55BD7ECD}.Debug|Win32.ActiveCfg = Debug|Win32
		{E0CF097B-F22D-465B-A884-D89E55BD7ECD}.Debug|Win32.Build.0 = Debug|Win32
		{E0CF097B-F22D-465B-A884-D89E55BD7ECD}.Debug|x64.ActiveCfg = Debug|x64
		{E0CF097B-F22D-465B-A884-D89E55BD7ECD}.Debug|x64.Build.0 = Debug|x64
		{E0CF097B-F22D-465B-A884-D89E55BD7ECD}.Profile|Win32.ActiveCfg = Profile|Win32
		{E0CF097B-F22D-465B-A884-D89E55BD7ECD}.Profile|Win32.Build.0 = Profile|Win32
		{E0CF097B-F22D-465B-A884-D89E55BD7ECD}.Profile|x64.ActiveCfg = Profile|x64
		{E0CF097B-F22D-465B-A884-D89E55BD7ECD}.Profile|x64.Build.0 = Profile|x64
		{E0CF097B-F22D-465B-A884-D89E55BD7ECD}.Release|Win32.ActiveCfg = Release|Win32
		{E0CF097B-F22D-465B-A884-D89E55BD7ECD}.Release|Win32.Build.0 = Release|Win32
		{E0CF097B-F22D-465B-A884-D89E55BD7ECD}.Release|x64.ActiveCfg = Release|x64
		{E0CF097B-F22D-465B-A884-D89E55BD7ECD}.Release|x64.Build.0 = Release|x64
	EndGlobalSection
	GlobalSection(SolutionProperties) = preSolution
		HideSolutionNode = FALSE
	EndGlobalSection
EndGlobal
